
Microsoft Visual Studio Solution File, Format Version 12.00
# Visual Studio 2012
Project("{FAE04EC0-301F-11D3-BF4B-00C04F79EFBC}") = "Ptixiaki201", "Ptixiaki201\Ptixiaki201.csproj", "{42F4E67E-F1D3-41A6-8389-82C644DEA716}"
EndProject
Global
	GlobalSection(SolutionConfigurationPlatforms) = preSolution
		Debug|Any CPU = Debug|Any CPU
		Release|Any CPU = Release|Any CPU
	EndGlobalSection
	GlobalSection(ProjectConfigurationPlatforms) = postSolution
		{42F4E67E-F1D3-41A6-8389-82C644DEA716}.Debug|Any CPU.ActiveCfg = Debug|Any CPU
		{42F4E67E-F1D3-41A6-8389-82C644DEA716}.Debug|Any CPU.Build.0 = Debug|Any CPU
		{42F4E67E-F1D3-41A6-8389-82C644DEA716}.Release|Any CPU.ActiveCfg = Release|Any CPU
		{42F4E67E-F1D3-41A6-8389-82C644DEA716}.Release|Any CPU.Build.0 = Release|Any CPU
	EndGlobalSection
	GlobalSection(SolutionProperties) = preSolution
		HideSolutionNode = FALSE
	EndGlobalSection
EndGlobal
